
Microsoft Visual Studio Solution File, Format Version 12.00
# Visual Studio Version 16
VisualStudioVersion = 16.0.31005.135
MinimumVisualStudioVersion = 10.0.40219.1
Project("{FAE04EC0-301F-11D3-BF4B-00C04F79EFBC}") = "my first file", "my first file\my first file.csproj", "{D80C410B-D155-4E43-9B54-BFCEA1801315}"
EndProject
Global
	GlobalSection(SolutionConfigurationPlatforms) = preSolution
		Debug|Any CPU = Debug|Any CPU
		Release|Any CPU = Release|Any CPU
	EndGlobalSection
	GlobalSection(ProjectConfigurationPlatforms) = postSolution
		{D80C410B-D155-4E43-9B54-BFCEA1801315}.Debug|Any CPU.ActiveCfg = Debug|Any CPU
		{D80C410B-D155-4E43-9B54-BFCEA1801315}.Debug|Any CPU.Build.0 = Debug|Any CPU
		{D80C410B-D155-4E43-9B54-BFCEA1801315}.Release|Any CPU.ActiveCfg = Release|Any CPU
		{D80C410B-D155-4E43-9B54-BFCEA1801315}.Release|Any CPU.Build.0 = Release|Any CPU
	EndGlobalSection
	GlobalSection(SolutionProperties) = preSolution
		HideSolutionNode = FALSE
	EndGlobalSection
	GlobalSection(ExtensibilityGlobals) = postSolution
		SolutionGuid = {1E70DC69-702D-4285-A1FC-57975AF39E7C}
	EndGlobalSection
EndGlobal
